dependencies:
- name: common
  repository: https://bjw-s.github.io/helm-charts
  version: 3.3.2
- name: postgresql
  repository: https://charts.bitnami.com/bitnami
  version: 16.6.5
digest: sha256:7c934fa4b34e7b3fb6e44a0bcf1c551ab92e7fa06102a19edcdfae607d442b7c
generated: "2025-04-24T17:52:53.215353494Z"
