dependencies:
- name: common
  repository: https://bjw-s.github.io/helm-charts
  version: 3.3.2
- name: postgresql
  repository: https://charts.bitnami.com/bitnami
  version: 16.1.2
digest: sha256:676a1326bed79d98efd9086e8d1411b917c72b92db65fc8fd8a059845868f940
generated: "2024-11-06T22:28:14.552958838Z"
