dependencies:
- name: common
  repository: https://bjw-s-labs.github.io/helm-charts
  version: 3.3.2
- name: postgresql
  repository: https://charts.bitnami.com/bitnami
  version: 16.7.14
digest: sha256:6ce5d27994af8b376c843527c4c9c300ea054eece44ec6c4e1003192d8b23c7f
generated: "2025-06-26T17:03:17.83741212Z"
